// !$*UTF8*$!
{
	archiveVersion = 1;
	classes = {
	};
	objectVersion = 56;
	objects = {

/* Begin PBXBuildFile section */
		DF0526052A345E710026F539 /* FruitNutrientsView.swift in Sources */ = {isa = PBXBuildFile; fileRef = DF0526042A345E710026F539 /* FruitNutrientsView.swift */; };
		DF0526072A34641B0026F539 /* SettingsView.swift in Sources */ = {isa = PBXBuildFile; fileRef = DF0526062A34641B0026F539 /* SettingsView.swift */; };
		DF0526092A3469FE0026F539 /* SettingsLabelView.swift in Sources */ = {isa = PBXBuildFile; fileRef = DF0526082A3469FE0026F539 /* SettingsLabelView.swift */; };
		DF238FCB2A33F8BB0024E650 /* LaunchScreen.storyboard in Resources */ = {isa = PBXBuildFile; fileRef = DF238FCA2A33F8BB0024E650 /* LaunchScreen.storyboard */; };
		DF238FCF2A33FA9A0024E650 /* FruitCardView.swift in Sources */ = {isa = PBXBuildFile; fileRef = DF238FCE2A33FA9A0024E650 /* FruitCardView.swift */; };
		DF238FD12A33FFF70024E650 /* StartButtonView.swift in Sources */ = {isa = PBXBuildFile; fileRef = DF238FD02A33FFF70024E650 /* StartButtonView.swift */; };
		DF238FD32A34046B0024E650 /* OnboardingView.swift in Sources */ = {isa = PBXBuildFile; fileRef = DF238FD22A34046B0024E650 /* OnboardingView.swift */; };
		DF238FD62A341F040024E650 /* FruitModel.swift in Sources */ = {isa = PBXBuildFile; fileRef = DF238FD52A341F040024E650 /* FruitModel.swift */; };
		DF3658402A33C81A004F97E0 /* FruitsApp.swift in Sources */ = {isa = PBXBuildFile; fileRef = DF36583F2A33C81A004F97E0 /* FruitsApp.swift */; };
		DF3658422A33C81A004F97E0 /* ContentView.swift in Sources */ = {isa = PBXBuildFile; fileRef = DF3658412A33C81A004F97E0 /* ContentView.swift */; };
		DF3658442A33C81C004F97E0 /* Assets.xcassets in Resources */ = {isa = PBXBuildFile; fileRef = DF3658432A33C81C004F97E0 /* Assets.xcassets */; };
		DF3658472A33C81C004F97E0 /* Preview Assets.xcassets in Resources */ = {isa = PBXBuildFile; fileRef = DF3658462A33C81C004F97E0 /* Preview Assets.xcassets */; };
		DFC9201E2A343299008CE195 /* FruitData.swift in Sources */ = {isa = PBXBuildFile; fileRef = DFC9201D2A343299008CE195 /* FruitData.swift */; };
		DFC920202A343AE2008CE195 /* FruitRowView.swift in Sources */ = {isa = PBXBuildFile; fileRef = DFC9201F2A343AE2008CE195 /* FruitRowView.swift */; };
		DFC920222A3445BB008CE195 /* FruitDetailView.swift in Sources */ = {isa = PBXBuildFile; fileRef = DFC920212A3445BB008CE195 /* FruitDetailView.swift */; };
		DFC920242A344A66008CE195 /* FruitHeaderView.swift in Sources */ = {isa = PBXBuildFile; fileRef = DFC920232A344A66008CE195 /* FruitHeaderView.swift */; };
		DFC920262A344E2F008CE195 /* SourceLinkView.swift in Sources */ = {isa = PBXBuildFile; fileRef = DFC920252A344E2F008CE195 /* SourceLinkView.swift */; };
/* End PBXBuildFile section */

/* Begin PBXFileReference section */
		DF0526042A345E710026F539 /* FruitNutrientsView.swift */ = {isa = PBXFileReference; lastKnownFileType = sourcecode.swift; path = FruitNutrientsView.swift; sourceTree = "<group>"; };
		DF0526062A34641B0026F539 /* SettingsView.swift */ = {isa = PBXFileReference; lastKnownFileType = sourcecode.swift; path = SettingsView.swift; sourceTree = "<group>"; };
		DF0526082A3469FE0026F539 /* SettingsLabelView.swift */ = {isa = PBXFileReference; lastKnownFileType = sourcecode.swift; path = SettingsLabelView.swift; sourceTree = "<group>"; };
		DF238FCA2A33F8BB0024E650 /* LaunchScreen.storyboard */ = {isa = PBXFileReference; lastKnownFileType = file.storyboard; path = LaunchScreen.storyboard; sourceTree = "<group>"; };
		DF238FCE2A33FA9A0024E650 /* FruitCardView.swift */ = {isa = PBXFileReference; lastKnownFileType = sourcecode.swift; path = FruitCardView.swift; sourceTree = "<group>"; };
		DF238FD02A33FFF70024E650 /* StartButtonView.swift */ = {isa = PBXFileReference; lastKnownFileType = sourcecode.swift; path = StartButtonView.swift; sourceTree = "<group>"; };
		DF238FD22A34046B0024E650 /* OnboardingView.swift */ = {isa = PBXFileReference; lastKnownFileType = sourcecode.swift; path = OnboardingView.swift; sourceTree = "<group>"; };
		DF238FD52A341F040024E650 /* FruitModel.swift */ = {isa = PBXFileReference; lastKnownFileType = sourcecode.swift; path = FruitModel.swift; sourceTree = "<group>"; };
		DF36583C2A33C81A004F97E0 /* Fruits.app */ = {isa = PBXFileReference; explicitFileType = wrapper.application; includeInIndex = 0; path = Fruits.app; sourceTree = BUILT_PRODUCTS_DIR; };
		DF36583F2A33C81A004F97E0 /* FruitsApp.swift */ = {isa = PBXFileReference; lastKnownFileType = sourcecode.swift; path = FruitsApp.swift; sourceTree = "<group>"; };
		DF3658412A33C81A004F97E0 /* ContentView.swift */ = {isa = PBXFileReference; lastKnownFileType = sourcecode.swift; path = ContentView.swift; sourceTree = "<group>"; };
		DF3658432A33C81C004F97E0 /* Assets.xcassets */ = {isa = PBXFileReference; lastKnownFileType = folder.assetcatalog; path = Assets.xcassets; sourceTree = "<group>"; };
		DF3658462A33C81C004F97E0 /* Preview Assets.xcassets */ = {isa = PBXFileReference; lastKnownFileType = folder.assetcatalog; path = "Preview Assets.xcassets"; sourceTree = "<group>"; };
		DFC298082A33CB6500C719FD /* Info.plist */ = {isa = PBXFileReference; lastKnownFileType = text.plist; path = Info.plist; sourceTree = "<group>"; };
		DFC9201D2A343299008CE195 /* FruitData.swift */ = {isa = PBXFileReference; lastKnownFileType = sourcecode.swift; path = FruitData.swift; sourceTree = "<group>"; };
		DFC9201F2A343AE2008CE195 /* FruitRowView.swift */ = {isa = PBXFileReference; lastKnownFileType = sourcecode.swift; path = FruitRowView.swift; sourceTree = "<group>"; };
		DFC920212A3445BB008CE195 /* FruitDetailView.swift */ = {isa = PBXFileReference; lastKnownFileType = sourcecode.swift; path = FruitDetailView.swift; sourceTree = "<group>"; };
		DFC920232A344A66008CE195 /* FruitHeaderView.swift */ = {isa = PBXFileReference; lastKnownFileType = sourcecode.swift; path = FruitHeaderView.swift; sourceTree = "<group>"; };
		DFC920252A344E2F008CE195 /* SourceLinkView.swift */ = {isa = PBXFileReference; lastKnownFileType = sourcecode.swift; path = SourceLinkView.swift; sourceTree = "<group>"; };
/* End PBXFileReference section */

/* Begin PBXFrameworksBuildPhase section */
		DF3658392A33C81A004F97E0 /* Frameworks */ = {
			isa = PBXFrameworksBuildPhase;
			buildActionMask = 2147483647;
			files = (
			);
			runOnlyForDeploymentPostprocessing = 0;
		};
/* End PBXFrameworksBuildPhase section */

/* Begin PBXGroup section */
		DF238FCC2A33FA3F0024E650 /* App */ = {
			isa = PBXGroup;
			children = (
				DF36583F2A33C81A004F97E0 /* FruitsApp.swift */,
				DF3658412A33C81A004F97E0 /* ContentView.swift */,
				DF238FD22A34046B0024E650 /* OnboardingView.swift */,
				DFC920212A3445BB008CE195 /* FruitDetailView.swift */,
				DF0526062A34641B0026F539 /* SettingsView.swift */,
			);
			path = App;
			sourceTree = "<group>";
		};
		DF238FCD2A33FA700024E650 /* View */ = {
			isa = PBXGroup;
			children = (
				DF238FCE2A33FA9A0024E650 /* FruitCardView.swift */,
				DF238FD02A33FFF70024E650 /* StartButtonView.swift */,
				DFC9201F2A343AE2008CE195 /* FruitRowView.swift */,
				DFC920232A344A66008CE195 /* FruitHeaderView.swift */,
				DFC920252A344E2F008CE195 /* SourceLinkView.swift */,
				DF0526042A345E710026F539 /* FruitNutrientsView.swift */,
				DF0526082A3469FE0026F539 /* SettingsLabelView.swift */,
			);
			path = View;
			sourceTree = "<group>";
		};
		DF238FD42A341EEC0024E650 /* Model */ = {
			isa = PBXGroup;
			children = (
				DF238FD52A341F040024E650 /* FruitModel.swift */,
			);
			path = Model;
			sourceTree = "<group>";
		};
		DF3658332A33C81A004F97E0 = {
			isa = PBXGroup;
			children = (
				DF36583E2A33C81A004F97E0 /* Fruits */,
				DF36583D2A33C81A004F97E0 /* Products */,
			);
			sourceTree = "<group>";
		};
		DF36583D2A33C81A004F97E0 /* Products */ = {
			isa = PBXGroup;
			children = (
				DF36583C2A33C81A004F97E0 /* Fruits.app */,
			);
			name = Products;
			sourceTree = "<group>";
		};
		DF36583E2A33C81A004F97E0 /* Fruits */ = {
			isa = PBXGroup;
			children = (
				DFC9201C2A343281008CE195 /* Data */,
				DF238FD42A341EEC0024E650 /* Model */,
				DF238FCD2A33FA700024E650 /* View */,
				DF238FCC2A33FA3F0024E650 /* App */,
				DF3658432A33C81C004F97E0 /* Assets.xcassets */,
				DFC298082A33CB6500C719FD /* Info.plist */,
				DF3658452A33C81C004F97E0 /* Preview Content */,
				DF238FCA2A33F8BB0024E650 /* LaunchScreen.storyboard */,
			);
			path = Fruits;
			sourceTree = "<group>";
		};
		DF3658452A33C81C004F97E0 /* Preview Content */ = {
			isa = PBXGroup;
			children = (
				DF3658462A33C81C004F97E0 /* Preview Assets.xcassets */,
			);
			path = "Preview Content";
			sourceTree = "<group>";
		};
		DFC9201C2A343281008CE195 /* Data */ = {
			isa = PBXGroup;
			children = (
				DFC9201D2A343299008CE195 /* FruitData.swift */,
			);
			path = Data;
			sourceTree = "<group>";
		};
/* End PBXGroup section */

/* Begin PBXNativeTarget section */
		DF36583B2A33C81A004F97E0 /* Fruits */ = {
			isa = PBXNativeTarget;
			buildConfigurationList = DF36584A2A33C81C004F97E0 /* Build configuration list for PBXNativeTarget "Fruits" */;
			buildPhases = (
				DF3658382A33C81A004F97E0 /* Sources */,
				DF3658392A33C81A004F97E0 /* Frameworks */,
				DF36583A2A33C81A004F97E0 /* Resources */,
			);
			buildRules = (
			);
			dependencies = (
			);
			name = Fruits;
			productName = Fruits;
			productReference = DF36583C2A33C81A004F97E0 /* Fruits.app */;
			productType = "com.apple.product-type.application";
		};
/* End PBXNativeTarget section */

/* Begin PBXProject section */
		DF3658342A33C81A004F97E0 /* Project object */ = {
			isa = PBXProject;
			attributes = {
				BuildIndependentTargetsInParallel = 1;
				LastSwiftUpdateCheck = 1420;
				LastUpgradeCheck = 1420;
				TargetAttributes = {
					DF36583B2A33C81A004F97E0 = {
						CreatedOnToolsVersion = 14.2;
					};
				};
			};
			buildConfigurationList = DF3658372A33C81A004F97E0 /* Build configuration list for PBXProject "Fruits" */;
			compatibilityVersion = "Xcode 14.0";
			developmentRegion = en;
			hasScannedForEncodings = 0;
			knownRegions = (
				en,
				Base,
			);
			mainGroup = DF3658332A33C81A004F97E0;
			productRefGroup = DF36583D2A33C81A004F97E0 /* Products */;
			projectDirPath = "";
			projectRoot = "";
			targets = (
				DF36583B2A33C81A004F97E0 /* Fruits */,
			);
		};
/* End PBXProject section */

/* Begin PBXResourcesBuildPhase section */
		DF36583A2A33C81A004F97E0 /* Resources */ = {
			isa = PBXResourcesBuildPhase;
			buildActionMask = 2147483647;
			files = (
				DF3658472A33C81C004F97E0 /* Preview Assets.xcassets in Resources */,
				DF238FCB2A33F8BB0024E650 /* LaunchScreen.storyboard in Resources */,
				DF3658442A33C81C004F97E0 /* Assets.xcassets in Resources */,
			);
			runOnlyForDeploymentPostprocessing = 0;
		};
/* End PBXResourcesBuildPhase section */

/* Begin PBXSourcesBuildPhase section */
		DF3658382A33C81A004F97E0 /* Sources */ = {
			isa = PBXSourcesBuildPhase;
			buildActionMask = 2147483647;
			files = (
				DFC9201E2A343299008CE195 /* FruitData.swift in Sources */,
				DFC920262A344E2F008CE195 /* SourceLinkView.swift in Sources */,
				DF238FCF2A33FA9A0024E650 /* FruitCardView.swift in Sources */,
				DFC920202A343AE2008CE195 /* FruitRowView.swift in Sources */,
				DF0526052A345E710026F539 /* FruitNutrientsView.swift in Sources */,
				DF238FD12A33FFF70024E650 /* StartButtonView.swift in Sources */,
				DFC920222A3445BB008CE195 /* FruitDetailView.swift in Sources */,
				DF3658422A33C81A004F97E0 /* ContentView.swift in Sources */,
				DFC920242A344A66008CE195 /* FruitHeaderView.swift in Sources */,
				DF238FD32A34046B0024E650 /* OnboardingView.swift in Sources */,
				DF0526092A3469FE0026F539 /* SettingsLabelView.swift in Sources */,
				DF238FD62A341F040024E650 /* FruitModel.swift in Sources */,
				DF3658402A33C81A004F97E0 /* FruitsApp.swift in Sources */,
				DF0526072A34641B0026F539 /* SettingsView.swift in Sources */,
			);
			runOnlyForDeploymentPostprocessing = 0;
		};
/* End PBXSourcesBuildPhase section */

/* Begin XCBuildConfiguration section */
		DF3658482A33C81C004F97E0 /* Debug */ = {
			isa = XCBuildConfiguration;
			buildSettings = {
				ALWAYS_SEARCH_USER_PATHS = NO;
				CLANG_ANALYZER_NONNULL = YES;
				CLANG_ANALYZER_NUMBER_OBJECT_CONVERSION = YES_AGGRESSIVE;
				CLANG_CXX_LANGUAGE_STANDARD = "gnu++20";
				CLANG_ENABLE_MODULES = YES;
				CLANG_ENABLE_OBJC_ARC = YES;
				CLANG_ENABLE_OBJC_WEAK = YES;
				CLANG_WARN_BLOCK_CAPTURE_AUTORELEASING = YES;
				CLANG_WARN_BOOL_CONVERSION = YES;
				CLANG_WARN_COMMA = YES;
				CLANG_WARN_CONSTANT_CONVERSION = YES;
				CLANG_WARN_DEPRECATED_OBJC_IMPLEMENTATIONS = YES;
				CLANG_WARN_DIRECT_OBJC_ISA_USAGE = YES_ERROR;
				CLANG_WARN_DOCUMENTATION_COMMENTS = YES;
				CLANG_WARN_EMPTY_BODY = YES;
				CLANG_WARN_ENUM_CONVERSION = YES;
				CLANG_WARN_INFINITE_RECURSION = YES;
				CLANG_WARN_INT_CONVERSION = YES;
				CLANG_WARN_NON_LITERAL_NULL_CONVERSION = YES;
				CLANG_WARN_OBJC_IMPLICIT_RETAIN_SELF = YES;
				CLANG_WARN_OBJC_LITERAL_CONVERSION = YES;
				CLANG_WARN_OBJC_ROOT_CLASS = YES_ERROR;
				CLANG_WARN_QUOTED_INCLUDE_IN_FRAMEWORK_HEADER = YES;
				CLANG_WARN_RANGE_LOOP_ANALYSIS = YES;
				CLANG_WARN_STRICT_PROTOTYPES = YES;
				CLANG_WARN_SUSPICIOUS_MOVE = YES;
				CLANG_WARN_UNGUARDED_AVAILABILITY = YES_AGGRESSIVE;
				CLANG_WARN_UNREACHABLE_CODE = YES;
				CLANG_WARN__DUPLICATE_METHOD_MATCH = YES;
				COPY_PHASE_STRIP = NO;
				DEBUG_INFORMATION_FORMAT = dwarf;
				ENABLE_STRICT_OBJC_MSGSEND = YES;
				ENABLE_TESTABILITY = YES;
				GCC_C_LANGUAGE_STANDARD = gnu11;
				GCC_DYNAMIC_NO_PIC = NO;
				GCC_NO_COMMON_BLOCKS = YES;
				GCC_OPTIMIZATION_LEVEL = 0;
				GCC_PREPROCESSOR_DEFINITIONS = (
					"DEBUG=1",
					"$(inherited)",
				);
				GCC_WARN_64_TO_32_BIT_CONVERSION = YES;
				GCC_WARN_ABOUT_RETURN_TYPE = YES_ERROR;
				GCC_WARN_UNDECLARED_SELECTOR = YES;
				GCC_WARN_UNINITIALIZED_AUTOS = YES_AGGRESSIVE;
				GCC_WARN_UNUSED_FUNCTION = YES;
				GCC_WARN_UNUSED_VARIABLE = YES;
				IPHONEOS_DEPLOYMENT_TARGET = 16.2;
				MTL_ENABLE_DEBUG_INFO = INCLUDE_SOURCE;
				MTL_FAST_MATH = YES;
				ONLY_ACTIVE_ARCH = YES;
				SDKROOT = iphoneos;
				SWIFT_ACTIVE_COMPILATION_CONDITIONS = DEBUG;
				SWIFT_OPTIMIZATION_LEVEL = "-Onone";
			};
			name = Debug;
		};
		DF3658492A33C81C004F97E0 /* Release */ = {
			isa = XCBuildConfiguration;
			buildSettings = {
				ALWAYS_SEARCH_USER_PATHS = NO;
				CLANG_ANALYZER_NONNULL = YES;
				CLANG_ANALYZER_NUMBER_OBJECT_CONVERSION = YES_AGGRESSIVE;
				CLANG_CXX_LANGUAGE_STANDARD = "gnu++20";
				CLANG_ENABLE_MODULES = YES;
				CLANG_ENABLE_OBJC_ARC = YES;
				CLANG_ENABLE_OBJC_WEAK = YES;
				CLANG_WARN_BLOCK_CAPTURE_AUTORELEASING = YES;
				CLANG_WARN_BOOL_CONVERSION = YES;
				CLANG_WARN_COMMA = YES;
				CLANG_WARN_CONSTANT_CONVERSION = YES;
				CLANG_WARN_DEPRECATED_OBJC_IMPLEMENTATIONS = YES;
				CLANG_WARN_DIRECT_OBJC_ISA_USAGE = YES_ERROR;
				CLANG_WARN_DOCUMENTATION_COMMENTS = YES;
				CLANG_WARN_EMPTY_BODY = YES;
				CLANG_WARN_ENUM_CONVERSION = YES;
				CLANG_WARN_INFINITE_RECURSION = YES;
				CLANG_WARN_INT_CONVERSION = YES;
				CLANG_WARN_NON_LITERAL_NULL_CONVERSION = YES;
				CLANG_WARN_OBJC_IMPLICIT_RETAIN_SELF = YES;
				CLANG_WARN_OBJC_LITERAL_CONVERSION = YES;
				CLANG_WARN_OBJC_ROOT_CLASS = YES_ERROR;
				CLANG_WARN_QUOTED_INCLUDE_IN_FRAMEWORK_HEADER = YES;
				CLANG_WARN_RANGE_LOOP_ANALYSIS = YES;
				CLANG_WARN_STRICT_PROTOTYPES = YES;
				CLANG_WARN_SUSPICIOUS_MOVE = YES;
				CLANG_WARN_UNGUARDED_AVAILABILITY = YES_AGGRESSIVE;
				CLANG_WARN_UNREACHABLE_CODE = YES;
				CLANG_WARN__DUPLICATE_METHOD_MATCH = YES;
				COPY_PHASE_STRIP = NO;
				DEBUG_INFORMATION_FORMAT = "dwarf-with-dsym";
				ENABLE_NS_ASSERTIONS = NO;
				ENABLE_STRICT_OBJC_MSGSEND = YES;
				GCC_C_LANGUAGE_STANDARD = gnu11;
				GCC_NO_COMMON_BLOCKS = YES;
				GCC_WARN_64_TO_32_BIT_CONVERSION = YES;
				GCC_WARN_ABOUT_RETURN_TYPE = YES_ERROR;
				GCC_WARN_UNDECLARED_SELECTOR = YES;
				GCC_WARN_UNINITIALIZED_AUTOS = YES_AGGRESSIVE;
				GCC_WARN_UNUSED_FUNCTION = YES;
				GCC_WARN_UNUSED_VARIABLE = YES;
				IPHONEOS_DEPLOYMENT_TARGET = 16.2;
				MTL_ENABLE_DEBUG_INFO = NO;
				MTL_FAST_MATH = YES;
				SDKROOT = iphoneos;
				SWIFT_COMPILATION_MODE = wholemodule;
				SWIFT_OPTIMIZATION_LEVEL = "-O";
				VALIDATE_PRODUCT = YES;
			};
			name = Release;
		};
		DF36584B2A33C81C004F97E0 /* Debug */ = {
			isa = XCBuildConfiguration;
			buildSettings = {
				ASSETCATALOG_COMPILER_APPICON_NAME = AppIcon;
				ASSETCATALOG_COMPILER_GLOBAL_ACCENT_COLOR_NAME = AccentColor;
				ASSETCATALOG_COMPILER_INCLUDE_ALL_APPICON_ASSETS = YES;
				CODE_SIGN_STYLE = Automatic;
				CURRENT_PROJECT_VERSION = 1;
				DEVELOPMENT_ASSET_PATHS = "\"Fruits/Preview Content\"";
				DEVELOPMENT_TEAM = CSDME8QJX3;
				ENABLE_PREVIEWS = YES;
				GENERATE_INFOPLIST_FILE = YES;
				INFOPLIST_FILE = Fruits/Info.plist;
				INFOPLIST_KEY_UIApplicationSupportsIndirectInputEvents = YES;
				INFOPLIST_KEY_UILaunchStoryboardName = LaunchScreen.storyboard;
				INFOPLIST_KEY_UISupportedInterfaceOrientations = UIInterfaceOrientationPortrait;
				IPHONEOS_DEPLOYMENT_TARGET = 16.0;
				LD_RUNPATH_SEARCH_PATHS = (
					"$(inherited)",
					"@executable_path/Frameworks",
				);
				MARKETING_VERSION = 1.0;
				PRODUCT_BUNDLE_IDENTIFIER = com.rothermel1.Fruits;
				PRODUCT_NAME = "$(TARGET_NAME)";
				SWIFT_EMIT_LOC_STRINGS = YES;
				SWIFT_VERSION = 5.0;
				TARGETED_DEVICE_FAMILY = "1,2";
			};
			name = Debug;
		};
		DF36584C2A33C81C004F97E0 /* Release */ = {
			isa = XCBuildConfiguration;
			buildSettings = {
				ASSETCATALOG_COMPILER_APPICON_NAME = AppIcon;
				ASSETCATALOG_COMPILER_GLOBAL_ACCENT_COLOR_NAME = AccentColor;
				ASSETCATALOG_COMPILER_INCLUDE_ALL_APPICON_ASSETS = YES;
				CODE_SIGN_STYLE = Automatic;
				CURRENT_PROJECT_VERSION = 1;
				DEVELOPMENT_ASSET_PATHS = "\"Fruits/Preview Content\"";
				DEVELOPMENT_TEAM = CSDME8QJX3;
				ENABLE_PREVIEWS = YES;
				GENERATE_INFOPLIST_FILE = YES;
				INFOPLIST_FILE = Fruits/Info.plist;
				INFOPLIST_KEY_UIApplicationSupportsIndirectInputEvents = YES;
				INFOPLIST_KEY_UILaunchStoryboardName = LaunchScreen.storyboard;
				INFOPLIST_KEY_UISupportedInterfaceOrientations = UIInterfaceOrientationPortrait;
				IPHONEOS_DEPLOYMENT_TARGET = 16.0;
				LD_RUNPATH_SEARCH_PATHS = (
					"$(inherited)",
					"@executable_path/Frameworks",
				);
				MARKETING_VERSION = 1.0;
				PRODUCT_BUNDLE_IDENTIFIER = com.rothermel1.Fruits;
				PRODUCT_NAME = "$(TARGET_NAME)";
				SWIFT_EMIT_LOC_STRINGS = YES;
				SWIFT_VERSION = 5.0;
				TARGETED_DEVICE_FAMILY = "1,2";
			};
			name = Release;
		};
/* End XCBuildConfiguration section */

/* Begin XCConfigurationList section */
		DF3658372A33C81A004F97E0 /* Build configuration list for PBXProject "Fruits" */ = {
			isa = XCConfigurationList;
			buildConfigurations = (
				DF3658482A33C81C004F97E0 /* Debug */,
				DF3658492A33C81C004F97E0 /* Release */,
			);
			defaultConfigurationIsVisible = 0;
			defaultConfigurationName = Release;
		};
		DF36584A2A33C81C004F97E0 /* Build configuration list for PBXNativeTarget "Fruits" */ = {
			isa = XCConfigurationList;
			buildConfigurations = (
				DF36584B2A33C81C004F97E0 /* Debug */,
				DF36584C2A33C81C004F97E0 /* Release */,
			);
			defaultConfigurationIsVisible = 0;
			defaultConfigurationName = Release;
		};
/* End XCConfigurationList section */
	};
	rootObject = DF3658342A33C81A004F97E0 /* Project object */;
}
